
Microsoft Visual Studio Solution File, Format Version 12.00
# Visual Studio Version 17
VisualStudioVersion = 17.14.36414.22 d17.14
MinimumVisualStudioVersion = 10.0.40219.1
Project("{FAE04EC0-301F-11D3-BF4B-00C04F79EFBC}") = "Collabortaion2Project", "Collabortaion2Project\Collabortaion2Project.csproj", "{BB606E06-641A-4784-88EB-80AC7206CFD1}"
EndProject
Global
	GlobalSection(SolutionConfigurationPlatforms) = preSolution
		Debug|Any CPU = Debug|Any CPU
		Release|Any CPU = Release|Any CPU
	EndGlobalSection
	GlobalSection(ProjectConfigurationPlatforms) = postSolution
		{BB606E06-641A-4784-88EB-80AC7206CFD1}.Debug|Any CPU.ActiveCfg = Debug|Any CPU
		{BB606E06-641A-4784-88EB-80AC7206CFD1}.Debug|Any CPU.Build.0 = Debug|Any CPU
		{BB606E06-641A-4784-88EB-80AC7206CFD1}.Release|Any CPU.ActiveCfg = Release|Any CPU
		{BB606E06-641A-4784-88EB-80AC7206CFD1}.Release|Any CPU.Build.0 = Release|Any CPU
	EndGlobalSection
	GlobalSection(SolutionProperties) = preSolution
		HideSolutionNode = FALSE
	EndGlobalSection
	GlobalSection(ExtensibilityGlobals) = postSolution
		SolutionGuid = {10E5D470-8A56-48F0-95E9-56D3A2E37FC5}
	EndGlobalSection
EndGlobal
